{
  "nodes": {
    "marea": {
      "inputs": {
        "nixpkgs": [
          "nixpkgs"
        ],
        "pleamar": [
          "pleamar"
        ]
      },
      "locked": {
        "lastModified": 1791324272,
        "narHash": "sha256-L3RjJb+E0cHUtg25zV6kYA7miVdjbTg/4hTUGiHzSmk=",
        "owner": "k4ditano",
        "repo": "marea-plm",
        "rev": "0e23c6ce597644ba61d05a6931b9d50bdfa0d345",
        "type": "github"
      },
      "original": {
        "owner": "k4ditano",
        "repo": "marea-plm",
        "type": "github"
      }
    },
    "nixpkgs": {
      "locked": {
        "lastModified": 1791260994,
        "narHash": "sha256-Miqqk/ammqnTUxaoCyvtwoPeLbI1ksFyLxi/CazZpWY=",
        "owner": "NixOS",
        "repo": "nixpkgs",
        "rev": "151fa4e8ddfdd8dd25d945ad94ed54a13de9f6e4",
        "type": "github"
      },
      "original": {
        "owner": "NixOS",
        "ref": "nixos-unstable",
        "repo": "nixpkgs",
        "type": "github"
      }
    },
    "pleamar": {
      "inputs": {
        "nixpkgs": [
          "nixpkgs"
        ]
      },
      "locked": {
        "lastModified": 1791481877,
        "narHash": "sha256-wDfpZju6T08cfeyPYtGXdhqStfmVp6xvuqv+iqe58S0=",
        "owner": "k4ditano",
        "repo": "pleamar",
        "rev": "548b1e6e3c6bc9bdcc1f01e590097cd76576cbcf",
        "type": "github"
      },
      "original": {
        "owner": "k4ditano",
        "repo": "pleamar",
        "type": "github"
      }
    },
    "root": {
      "inputs": {
        "marea": "marea",
        "nixpkgs": "nixpkgs",
        "pleamar": "pleamar"
      }
    }
  },
  "root": "root",
  "version": 7
}
